
Microsoft Visual Studio Solution File, Format Version 12.00
# Visual Studio Version 17
VisualStudioVersion = 17.5.002.0
MinimumVisualStudioVersion = 10.0.40219.1
Project("{9A19103F-16F7-4668-BE54-9A1E7A4F7556}") = "Umbar", "Src\Umbar\Umbar.csproj", "{223A9EC0-1755-4390-996E-FC41213B6BCF}"
EndProject
Global
	GlobalSection(SolutionConfigurationPlatforms) = preSolution
		Debug|Any CPU = Debug|Any CPU
		Release|Any CPU = Release|Any CPU
	EndGlobalSection
	GlobalSection(ProjectConfigurationPlatforms) = postSolution
		{223A9EC0-1755-4390-996E-FC41213B6BCF}.Debug|Any CPU.ActiveCfg = Debug|Any CPU
		{223A9EC0-1755-4390-996E-FC41213B6BCF}.Debug|Any CPU.Build.0 = Debug|Any CPU
		{223A9EC0-1755-4390-996E-FC41213B6BCF}.Release|Any CPU.ActiveCfg = Release|Any CPU
		{223A9EC0-1755-4390-996E-FC41213B6BCF}.Release|Any CPU.Build.0 = Release|Any CPU
		{3292DDF6-26E2-455B-9D76-4C4FE32E5EEF}.Debug|Any CPU.ActiveCfg = Debug|Any CPU
		{3292DDF6-26E2-455B-9D76-4C4FE32E5EEF}.Debug|Any CPU.Build.0 = Debug|Any CPU
		{3292DDF6-26E2-455B-9D76-4C4FE32E5EEF}.Release|Any CPU.ActiveCfg = Release|Any CPU
		{3292DDF6-26E2-455B-9D76-4C4FE32E5EEF}.Release|Any CPU.Build.0 = Release|Any CPU
	EndGlobalSection
	GlobalSection(SolutionProperties) = preSolution
		HideSolutionNode = FALSE
	EndGlobalSection
	GlobalSection(ExtensibilityGlobals) = postSolution
		SolutionGuid = {C7A24B83-1430-40A6-A995-1753FCE080A6}
	EndGlobalSection
EndGlobal
